
Microsoft Visual Studio Solution File, Format Version 12.00
# Visual Studio 15
VisualStudioVersion = 15.0.28307.757
MinimumVisualStudioVersion = 10.0.40219.1
Project("{888888A0-9F3D-457C-B088-3A5042F75D52}") = "Janus", "Janus\Janus.pyproj", "{004EBA6A-132F-4ECA-91A5-40B5DFD52099}"
EndProject
Global
	GlobalSection(SolutionConfigurationPlatforms) = preSolution
		Debug|Any CPU = Debug|Any CPU
		Release|Any CPU = Release|Any CPU
	EndGlobalSection
	GlobalSection(ProjectConfigurationPlatforms) = postSolution
		{004EBA6A-132F-4ECA-91A5-40B5DFD52099}.Debug|Any CPU.ActiveCfg = Debug|Any CPU
		{004EBA6A-132F-4ECA-91A5-40B5DFD52099}.Release|Any CPU.ActiveCfg = Release|Any CPU
	EndGlobalSection
	GlobalSection(SolutionProperties) = preSolution
		HideSolutionNode = FALSE
	EndGlobalSection
	GlobalSection(ExtensibilityGlobals) = postSolution
		SolutionGuid = {36278B64-EC76-46EF-9462-3B11901D9CCA}
	EndGlobalSection
EndGlobal
